{
  "nodes": {
    "nixpkgs": {
      "locked": {
        "lastModified": 1711331653,
        "narHash": "sha256-ay51N+uXnWdU1DJtOrKu7eHxDOoUstSp75j8KjUftXI=",
        "owner": "NixOS",
        "repo": "nixpkgs",
        "rev": "55cca434b7ee466df8ab30dff67b39a6ab6c526a",
        "type": "github"
      },
      "original": {
        "id": "nixpkgs",
        "ref": "nixos-23.11-small",
        "type": "indirect"
      }
    },
    "root": {
      "inputs": {
        "nixpkgs": "nixpkgs"
      }
    }
  },
  "root": "root",
  "version": 7
}
